<?xml version="1.0" encoding="UTF-8" standalone="yes" ?>
<CodeBlocks_project_file>
	<FileVersion major="1" minor="6" />
	<Project>
		<Option title="TRA1" />
		<Option pch_mode="2" />
		<Option compiler="gcc" />
		<Build>
			<Target title="Debug">
				<Option output="bin/Debug/TRA1" prefix_auto="1" extension_auto="1" />
				<Option object_output="obj/Debug/" />
				<Option type="1" />
				<Option compiler="gcc" />
				<Compiler>
					<Add option="-g" />
				</Compiler>
			</Target>
			<Target title="Release">
				<Option output="bin/Release/TRA1" prefix_auto="1" extension_auto="1" />
				<Option object_output="obj/Release/" />
				<Option type="1" />
				<Option compiler="gcc" />
				<Compiler>
					<Add option="-O2" />
				</Compiler>
				<Linker>
					<Add option="-s" />
				</Linker>
			</Target>
		</Build>
		<Compiler>
			<Add option="-Wall" />
		</Compiler>
		<Unit filename="Departamento.c">
			<Option compilerVar="CC" />
		</Unit>
		<Unit filename="Departamento.h" />
		<Unit filename="Funcionario.c">
			<Option compilerVar="CC" />
		</Unit>
		<Unit filename="Funcionario.h" />
		<Unit filename="HistoricoDepartamento.h" />
		<Unit filename="HistoricoFuncionario.h" />
		<Unit filename="HistoricoSalario.h" />
		<Unit filename="funcoesAuxiliares.c">
			<Option compilerVar="CC" />
		</Unit>
		<Unit filename="funcoesAuxiliares.h" />
		<Unit filename="funcoesPesquisa.c">
			<Option compilerVar="CC" />
		</Unit>
		<Unit filename="funcoesPesquisa.h" />
		<Unit filename="funcoesVerificacao.c">
			<Option compilerVar="CC" />
		</Unit>
		<Unit filename="funcoesVerificacao.h" />
		<Unit filename="main.c">
			<Option compilerVar="CC" />
		</Unit>
		<Extensions>
			<code_completion />
			<debugger />
		</Extensions>
	</Project>
</CodeBlocks_project_file>
